
Microsoft Visual Studio Solution File, Format Version 12.00
# Visual Studio Version 16
VisualStudioVersion = 16.0.31424.327
MinimumVisualStudioVersion = 10.0.40219.1
Project("{8BC9CEB8-8B4A-11D0-8D11-00A0C91BC942}") = "Thai18108", "Thai18108\Thai18108.vcxproj", "{1DA82013-83F6-46B8-BD4A-B26D5FBE4AFB}"
EndProject
Project("{8BC9CEB8-8B4A-11D0-8D11-00A0C91BC942}") = "Dog10172", "Dog10172\Dog10172.vcxproj", "{E19E63F4-26A8-46AD-9214-9E09A310216A}"
EndProject
Project("{8BC9CEB8-8B4A-11D0-8D11-00A0C91BC942}") = "Quadrant14681", "Quadrant14681\Quadrant14681.vcxproj", "{BE403AE8-6D52-45E1-84DB-4B916F550212}"
EndProject
Project("{8BC9CEB8-8B4A-11D0-8D11-00A0C91BC942}") = "OvenClock2525", "OvenClock2525\OvenClock2525.vcxproj", "{B0BCB700-AE20-4706-81E2-783CF7831510}"
EndProject
Project("{8BC9CEB8-8B4A-11D0-8D11-00A0C91BC942}") = "Alarm2884", "Alarm2884\Alarm2884.vcxproj", "{05467F40-FD0C-47B4-95AA-3292C5E5E828}"
EndProject
Project("{8BC9CEB8-8B4A-11D0-8D11-00A0C91BC942}") = "Ball10813", "Ball10813\Ball10813.vcxproj", "{0C0CEA9C-11F9-4864-AD8C-ECD0686A2F99}"
EndProject
Project("{8BC9CEB8-8B4A-11D0-8D11-00A0C91BC942}") = "Word1157", "Word1157\Word1157.vcxproj", "{CD0E699D-A823-4260-96DE-7C49FC4882D6}"
EndProject
Project("{8BC9CEB8-8B4A-11D0-8D11-00A0C91BC942}") = "Average4344", "Average4344\Average4344.vcxproj", "{81E8F977-70A6-49CC-AA63-80DC352FE511}"
EndProject
Project("{8BC9CEB8-8B4A-11D0-8D11-00A0C91BC942}") = "Croatia2941", "Croatia2941\Croatia2941.vcxproj", "{6E9A2384-13B6-4F86-8F03-DD079B684D96}"
EndProject
Project("{8BC9CEB8-8B4A-11D0-8D11-00A0C91BC942}") = "GroupWordChecker1316", "GroupWordChecker1316\GroupWordChecker1316.vcxproj", "{C66186B1-19E5-4117-801D-85A316118680}"
EndProject
Project("{8BC9CEB8-8B4A-11D0-8D11-00A0C91BC942}") = "GPA", "GPA\GPA.vcxproj", "{3D263F2B-25DD-482E-A368-DB64D11658C7}"
EndProject
Project("{8BC9CEB8-8B4A-11D0-8D11-00A0C91BC942}") = "Goldbach9020", "Goldbach9020\Goldbach9020.vcxproj", "{D9D3711A-B19C-48BC-9B79-7D6554E76E2E}"
EndProject
Project("{8BC9CEB8-8B4A-11D0-8D11-00A0C91BC942}") = "Algorithm24267", "Algorithm24267\Algorithm24267.vcxproj", "{3D4A904D-FB31-4031-B068-36E95FA1C6C2}"
EndProject
Project("{8BC9CEB8-8B4A-11D0-8D11-00A0C91BC942}") = "Algorithm24313", "Algorithm24313\Algorithm24313.vcxproj", "{7078D2CC-F4C7-4ADA-9261-427A25E3FA3C}"
EndProject
Project("{8BC9CEB8-8B4A-11D0-8D11-00A0C91BC942}") = "Statistics2108", "Statistics2108\Statistics2108.vcxproj", "{D5632D92-8818-4B6E-9C03-E51729581663}"
EndProject
Project("{8BC9CEB8-8B4A-11D0-8D11-00A0C91BC942}") = "CHESS1018", "CHESS1018\CHESS1018.vcxproj", "{BB44121B-EAD6-4263-B517-8F480FB206C1}"
EndProject
Project("{8BC9CEB8-8B4A-11D0-8D11-00A0C91BC942}") = "SUGAR2839", "SUGAR2839\SUGAR2839.vcxproj", "{5C0ACEA7-1633-4224-8F5E-7FDCEA84277A}"
EndProject
Project("{8BC9CEB8-8B4A-11D0-8D11-00A0C91BC942}") = "PRIME1929", "PRIME1929\PRIME1929.vcxproj", "{6BF9FBAF-108E-432A-A08D-7EBDD7EA65E1}"
EndProject
Project("{8BC9CEB8-8B4A-11D0-8D11-00A0C91BC942}") = "Bertrand4948", "Bertrand4948\Bertrand4948.vcxproj", "{DBE8A550-2B28-40E5-9757-31ADB1A18E6D}"
EndProject
Project("{8BC9CEB8-8B4A-11D0-8D11-00A0C91BC942}") = "GBPART17103", "GBPART17103\GBPART17103.vcxproj", "{CE43C270-8B4F-4216-87EB-56D0CF9ADE50}"
EndProject
Project("{8BC9CEB8-8B4A-11D0-8D11-00A0C91BC942}") = "NM15649", "NM15649\NM15649.vcxproj", "{91C30E5D-A6B6-4482-BC9F-5B078A6DE623}"
EndProject
Project("{8BC9CEB8-8B4A-11D0-8D11-00A0C91BC942}") = "STAR2447", "STAR2447\STAR2447.vcxproj", "{F5FF8E36-21B8-440F-A0ED-5F15FB34EB37}"
EndProject
Project("{8BC9CEB8-8B4A-11D0-8D11-00A0C91BC942}") = "HANOI11729", "HANOI11729\HANOI11729.vcxproj", "{53ECBB72-7C63-4D60-835E-4AF8EF076FA1}"
EndProject
Project("{8BC9CEB8-8B4A-11D0-8D11-00A0C91BC942}") = "NM15650", "NM15650\NM15650.vcxproj", "{B0F08D98-AE2B-447D-8ED9-FAF52F052117}"
EndProject
Project("{8BC9CEB8-8B4A-11D0-8D11-00A0C91BC942}") = "NQUEEN9663", "NQUEEN9663\NQUEEN9663.vcxproj", "{0E9A652F-C11F-4A1F-971C-55A58A34A506}"
EndProject
Project("{8BC9CEB8-8B4A-11D0-8D11-00A0C91BC942}") = "SUDOKU2580", "SUDOKU2580\SUDOKU2580.vcxproj", "{5CB3053A-07CB-4A79-B381-9C2DF6DDB87F}"
EndProject
Project("{8BC9CEB8-8B4A-11D0-8D11-00A0C91BC942}") = "SUM11659", "SUM11659\SUM11659.vcxproj", "{EBB1B54A-0AB5-4D28-85D0-706B711EC329}"
EndProject
Project("{8BC9CEB8-8B4A-11D0-8D11-00A0C91BC942}") = "GOOD1253", "GOOD1253\GOOD1253.vcxproj", "{4FE5F885-B01C-4FE6-B989-6E98E84DD04B}"
EndProject
Project("{8BC9CEB8-8B4A-11D0-8D11-00A0C91BC942}") = "MIN11003", "MIN11003\MIN11003.vcxproj", "{54DC4E0E-48EF-4323-ACC8-1A2B4A97B789}"
EndProject
Project("{8BC9CEB8-8B4A-11D0-8D11-00A0C91BC942}") = "SORT2750", "SORT2750\SORT2750.vcxproj", "{8A38A3F2-95F8-446F-AB0B-D31B4BBC9C0E}"
EndProject
Project("{8BC9CEB8-8B4A-11D0-8D11-00A0C91BC942}") = "LINKED11724", "LINKED11724\LINKED11724.vcxproj", "{CC77F214-2DF1-4C1E-983B-7AB853FDFA23}"
EndProject
Project("{8BC9CEB8-8B4A-11D0-8D11-00A0C91BC942}") = "DFSBFS1260", "DFSBFS1260\DFSBFS1260.vcxproj", "{37AB5CC0-1B91-4EB3-99FC-DF7123F8C842}"
EndProject
Project("{8BC9CEB8-8B4A-11D0-8D11-00A0C91BC942}") = "INTEGER1920", "INTEGER1920\INTEGER1920.vcxproj", "{CD910BEE-418E-49FC-B14B-538B6692D240}"
EndProject
Project("{8BC9CEB8-8B4A-11D0-8D11-00A0C91BC942}") = "WHERE1541", "WHERE1541\WHERE1541.vcxproj", "{8660C03F-98FE-4C26-9F55-78465F972589}"
EndProject
Project("{8BC9CEB8-8B4A-11D0-8D11-00A0C91BC942}") = "UNION1717", "UNION1717\UNION1717.vcxproj", "{EDE6ADA2-7B3A-4E60-B4DE-D4FEA671E0B2}"
EndProject
Project("{8BC9CEB8-8B4A-11D0-8D11-00A0C91BC942}") = "CODE1516", "CODE1516\CODE1516.vcxproj", "{B5A4447A-B4DA-4F90-915A-950CC4A95C20}"
EndProject
Project("{8BC9CEB8-8B4A-11D0-8D11-00A0C91BC942}") = "SHORTEST1753", "SHORTEST1753\SHORTEST1753.vcxproj", "{3CC31C7B-2E52-4713-AEB4-20C836786C13}"
EndProject
Project("{8BC9CEB8-8B4A-11D0-8D11-00A0C91BC942}") = "Kth1854", "Kth1854\Kth1854.vcxproj", "{C38973DB-40AF-4EA4-8EFC-A533AE01F0DD}"
EndProject
Project("{8BC9CEB8-8B4A-11D0-8D11-00A0C91BC942}") = "MARBLE13460", "MARBLE13460\MARBLE13460.vcxproj", "{A151AA32-C9E2-4DCE-B5FC-4E6C900E1B6A}"
EndProject
Project("{8BC9CEB8-8B4A-11D0-8D11-00A0C91BC942}") = "204812100", "204812100\204812100.vcxproj", "{1AAF18EF-34FE-45B8-8FFF-DFAE7080200A}"
EndProject
Project("{8BC9CEB8-8B4A-11D0-8D11-00A0C91BC942}") = "SNAKE3190", "SNAKE3190\SNAKE3190.vcxproj", "{71F3BEA3-AD36-47F8-81EA-CCE3EC4ED440}"
EndProject
Project("{8BC9CEB8-8B4A-11D0-8D11-00A0C91BC942}") = "SUPA13458", "SUPA13458\SUPA13458.vcxproj", "{C4F324FC-E0B4-417A-9680-34E935FFFB98}"
EndProject
Project("{8BC9CEB8-8B4A-11D0-8D11-00A0C91BC942}") = "QUIT14501", "QUIT14501\QUIT14501.vcxproj", "{6C6956BF-4615-4BE4-90DB-55623517BD63}"
EndProject
Project("{8BC9CEB8-8B4A-11D0-8D11-00A0C91BC942}") = "DELI14888", "DELI14888\DELI14888.vcxproj", "{2DD16E5B-5D0C-4F9F-B04E-054DF1973607}"
EndProject
Project("{8BC9CEB8-8B4A-11D0-8D11-00A0C91BC942}") = "start14889", "start14889\start14889.vcxproj", "{108ACF03-B372-4EBD-96CA-E42DE3BA7CF2}"
EndProject
Project("{8BC9CEB8-8B4A-11D0-8D11-00A0C91BC942}") = "BABYSHARK16236", "BABYSHARK16236\BABYSHARK16236.vcxproj", "{85F106AA-05EF-4F80-9790-6413FA130DAA}"
EndProject
Global
	GlobalSection(SolutionConfigurationPlatforms) = preSolution
		Debug|x64 = Debug|x64
		Debug|x86 = Debug|x86
		Release|x64 = Release|x64
		Release|x86 = Release|x86
	EndGlobalSection
	GlobalSection(ProjectConfigurationPlatforms) = postSolution
		{1DA82013-83F6-46B8-BD4A-B26D5FBE4AFB}.Debug|x64.ActiveCfg = Debug|x64
		{1DA82013-83F6-46B8-BD4A-B26D5FBE4AFB}.Debug|x64.Build.0 = Debug|x64
		{1DA82013-83F6-46B8-BD4A-B26D5FBE4AFB}.Debug|x86.ActiveCfg = Debug|Win32
		{1DA82013-83F6-46B8-BD4A-B26D5FBE4AFB}.Debug|x86.Build.0 = Debug|Win32
		{1DA82013-83F6-46B8-BD4A-B26D5FBE4AFB}.Release|x64.ActiveCfg = Release|x64
		{1DA82013-83F6-46B8-BD4A-B26D5FBE4AFB}.Release|x64.Build.0 = Release|x64
		{1DA82013-83F6-46B8-BD4A-B26D5FBE4AFB}.Release|x86.ActiveCfg = Release|Win32
		{1DA82013-83F6-46B8-BD4A-B26D5FBE4AFB}.Release|x86.Build.0 = Release|Win32
		{E19E63F4-26A8-46AD-9214-9E09A310216A}.Debug|x64.ActiveCfg = Debug|x64
		{E19E63F4-26A8-46AD-9214-9E09A310216A}.Debug|x64.Build.0 = Debug|x64
		{E19E63F4-26A8-46AD-9214-9E09A310216A}.Debug|x86.ActiveCfg = Debug|Win32
		{E19E63F4-26A8-46AD-9214-9E09A310216A}.Debug|x86.Build.0 = Debug|Win32
		{E19E63F4-26A8-46AD-9214-9E09A310216A}.Release|x64.ActiveCfg = Release|x64
		{E19E63F4-26A8-46AD-9214-9E09A310216A}.Release|x64.Build.0 = Release|x64
		{E19E63F4-26A8-46AD-9214-9E09A310216A}.Release|x86.ActiveCfg = Release|Win32
		{E19E63F4-26A8-46AD-9214-9E09A310216A}.Release|x86.Build.0 = Release|Win32
		{BE403AE8-6D52-45E1-84DB-4B916F550212}.Debug|x64.ActiveCfg = Debug|x64
		{BE403AE8-6D52-45E1-84DB-4B916F550212}.Debug|x64.Build.0 = Debug|x64
		{BE403AE8-6D52-45E1-84DB-4B916F550212}.Debug|x86.ActiveCfg = Debug|Win32
		{BE403AE8-6D52-45E1-84DB-4B916F550212}.Debug|x86.Build.0 = Debug|Win32
		{BE403AE8-6D52-45E1-84DB-4B916F550212}.Release|x64.ActiveCfg = Release|x64
		{BE403AE8-6D52-45E1-84DB-4B916F550212}.Release|x64.Build.0 = Release|x64
		{BE403AE8-6D52-45E1-84DB-4B916F550212}.Release|x86.ActiveCfg = Release|Win32
		{BE403AE8-6D52-45E1-84DB-4B916F550212}.Release|x86.Build.0 = Release|Win32
		{B0BCB700-AE20-4706-81E2-783CF7831510}.Debug|x64.ActiveCfg = Debug|x64
		{B0BCB700-AE20-4706-81E2-783CF7831510}.Debug|x64.Build.0 = Debug|x64
		{B0BCB700-AE20-4706-81E2-783CF7831510}.Debug|x86.ActiveCfg = Debug|Win32
		{B0BCB700-AE20-4706-81E2-783CF7831510}.Debug|x86.Build.0 = Debug|Win32
		{B0BCB700-AE20-4706-81E2-783CF7831510}.Release|x64.ActiveCfg = Release|x64
		{B0BCB700-AE20-4706-81E2-783CF7831510}.Release|x64.Build.0 = Release|x64
		{B0BCB700-AE20-4706-81E2-783CF7831510}.Release|x86.ActiveCfg = Release|Win32
		{B0BCB700-AE20-4706-81E2-783CF7831510}.Release|x86.Build.0 = Release|Win32
		{05467F40-FD0C-47B4-95AA-3292C5E5E828}.Debug|x64.ActiveCfg = Debug|x64
		{05467F40-FD0C-47B4-95AA-3292C5E5E828}.Debug|x64.Build.0 = Debug|x64
		{05467F40-FD0C-47B4-95AA-3292C5E5E828}.Debug|x86.ActiveCfg = Debug|Win32
		{05467F40-FD0C-47B4-95AA-3292C5E5E828}.Debug|x86.Build.0 = Debug|Win32
		{05467F40-FD0C-47B4-95AA-3292C5E5E828}.Release|x64.ActiveCfg = Release|x64
		{05467F40-FD0C-47B4-95AA-3292C5E5E828}.Release|x64.Build.0 = Release|x64
		{05467F40-FD0C-47B4-95AA-3292C5E5E828}.Release|x86.ActiveCfg = Release|Win32
		{05467F40-FD0C-47B4-95AA-3292C5E5E828}.Release|x86.Build.0 = Release|Win32
		{0C0CEA9C-11F9-4864-AD8C-ECD0686A2F99}.Debug|x64.ActiveCfg = Debug|x64
		{0C0CEA9C-11F9-4864-AD8C-ECD0686A2F99}.Debug|x64.Build.0 = Debug|x64
		{0C0CEA9C-11F9-4864-AD8C-ECD0686A2F99}.Debug|x86.ActiveCfg = Debug|Win32
		{0C0CEA9C-11F9-4864-AD8C-ECD0686A2F99}.Debug|x86.Build.0 = Debug|Win32
		{0C0CEA9C-11F9-4864-AD8C-ECD0686A2F99}.Release|x64.ActiveCfg = Release|x64
		{0C0CEA9C-11F9-4864-AD8C-ECD0686A2F99}.Release|x64.Build.0 = Release|x64
		{0C0CEA9C-11F9-4864-AD8C-ECD0686A2F99}.Release|x86.ActiveCfg = Release|Win32
		{0C0CEA9C-11F9-4864-AD8C-ECD0686A2F99}.Release|x86.Build.0 = Release|Win32
		{CD0E699D-A823-4260-96DE-7C49FC4882D6}.Debug|x64.ActiveCfg = Debug|x64
		{CD0E699D-A823-4260-96DE-7C49FC4882D6}.Debug|x64.Build.0 = Debug|x64
		{CD0E699D-A823-4260-96DE-7C49FC4882D6}.Debug|x86.ActiveCfg = Debug|Win32
		{CD0E699D-A823-4260-96DE-7C49FC4882D6}.Debug|x86.Build.0 = Debug|Win32
		{CD0E699D-A823-4260-96DE-7C49FC4882D6}.Release|x64.ActiveCfg = Release|x64
		{CD0E699D-A823-4260-96DE-7C49FC4882D6}.Release|x64.Build.0 = Release|x64
		{CD0E699D-A823-4260-96DE-7C49FC4882D6}.Release|x86.ActiveCfg = Release|Win32
		{CD0E699D-A823-4260-96DE-7C49FC4882D6}.Release|x86.Build.0 = Release|Win32
		{81E8F977-70A6-49CC-AA63-80DC352FE511}.Debug|x64.ActiveCfg = Debug|x64
		{81E8F977-70A6-49CC-AA63-80DC352FE511}.Debug|x64.Build.0 = Debug|x64
		{81E8F977-70A6-49CC-AA63-80DC352FE511}.Debug|x86.ActiveCfg = Debug|Win32
		{81E8F977-70A6-49CC-AA63-80DC352FE511}.Debug|x86.Build.0 = Debug|Win32
		{81E8F977-70A6-49CC-AA63-80DC352FE511}.Release|x64.ActiveCfg = Release|x64
		{81E8F977-70A6-49CC-AA63-80DC352FE511}.Release|x64.Build.0 = Release|x64
		{81E8F977-70A6-49CC-AA63-80DC352FE511}.Release|x86.ActiveCfg = Release|Win32
		{81E8F977-70A6-49CC-AA63-80DC352FE511}.Release|x86.Build.0 = Release|Win32
		{6E9A2384-13B6-4F86-8F03-DD079B684D96}.Debug|x64.ActiveCfg = Debug|x64
		{6E9A2384-13B6-4F86-8F03-DD079B684D96}.Debug|x64.Build.0 = Debug|x64
		{6E9A2384-13B6-4F86-8F03-DD079B684D96}.Debug|x86.ActiveCfg = Debug|Win32
		{6E9A2384-13B6-4F86-8F03-DD079B684D96}.Debug|x86.Build.0 = Debug|Win32
		{6E9A2384-13B6-4F86-8F03-DD079B684D96}.Release|x64.ActiveCfg = Release|x64
		{6E9A2384-13B6-4F86-8F03-DD079B684D96}.Release|x64.Build.0 = Release|x64
		{6E9A2384-13B6-4F86-8F03-DD079B684D96}.Release|x86.ActiveCfg = Release|Win32
		{6E9A2384-13B6-4F86-8F03-DD079B684D96}.Release|x86.Build.0 = Release|Win32
		{C66186B1-19E5-4117-801D-85A316118680}.Debug|x64.ActiveCfg = Debug|x64
		{C66186B1-19E5-4117-801D-85A316118680}.Debug|x64.Build.0 = Debug|x64
		{C66186B1-19E5-4117-801D-85A316118680}.Debug|x86.ActiveCfg = Debug|Win32
		{C66186B1-19E5-4117-801D-85A316118680}.Debug|x86.Build.0 = Debug|Win32
		{C66186B1-19E5-4117-801D-85A316118680}.Release|x64.ActiveCfg = Release|x64
		{C66186B1-19E5-4117-801D-85A316118680}.Release|x64.Build.0 = Release|x64
		{C66186B1-19E5-4117-801D-85A316118680}.Release|x86.ActiveCfg = Release|Win32
		{C66186B1-19E5-4117-801D-85A316118680}.Release|x86.Build.0 = Release|Win32
		{3D263F2B-25DD-482E-A368-DB64D11658C7}.Debug|x64.ActiveCfg = Debug|x64
		{3D263F2B-25DD-482E-A368-DB64D11658C7}.Debug|x64.Build.0 = Debug|x64
		{3D263F2B-25DD-482E-A368-DB64D11658C7}.Debug|x86.ActiveCfg = Debug|Win32
		{3D263F2B-25DD-482E-A368-DB64D11658C7}.Debug|x86.Build.0 = Debug|Win32
		{3D263F2B-25DD-482E-A368-DB64D11658C7}.Release|x64.ActiveCfg = Release|x64
		{3D263F2B-25DD-482E-A368-DB64D11658C7}.Release|x64.Build.0 = Release|x64
		{3D263F2B-25DD-482E-A368-DB64D11658C7}.Release|x86.ActiveCfg = Release|Win32
		{3D263F2B-25DD-482E-A368-DB64D11658C7}.Release|x86.Build.0 = Release|Win32
		{D9D3711A-B19C-48BC-9B79-7D6554E76E2E}.Debug|x64.ActiveCfg = Debug|x64
		{D9D3711A-B19C-48BC-9B79-7D6554E76E2E}.Debug|x64.Build.0 = Debug|x64
		{D9D3711A-B19C-48BC-9B79-7D6554E76E2E}.Debug|x86.ActiveCfg = Debug|Win32
		{D9D3711A-B19C-48BC-9B79-7D6554E76E2E}.Debug|x86.Build.0 = Debug|Win32
		{D9D3711A-B19C-48BC-9B79-7D6554E76E2E}.Release|x64.ActiveCfg = Release|x64
		{D9D3711A-B19C-48BC-9B79-7D6554E76E2E}.Release|x64.Build.0 = Release|x64
		{D9D3711A-B19C-48BC-9B79-7D6554E76E2E}.Release|x86.ActiveCfg = Release|Win32
		{D9D3711A-B19C-48BC-9B79-7D6554E76E2E}.Release|x86.Build.0 = Release|Win32
		{3D4A904D-FB31-4031-B068-36E95FA1C6C2}.Debug|x64.ActiveCfg = Debug|x64
		{3D4A904D-FB31-4031-B068-36E95FA1C6C2}.Debug|x64.Build.0 = Debug|x64
		{3D4A904D-FB31-4031-B068-36E95FA1C6C2}.Debug|x86.ActiveCfg = Debug|Win32
		{3D4A904D-FB31-4031-B068-36E95FA1C6C2}.Debug|x86.Build.0 = Debug|Win32
		{3D4A904D-FB31-4031-B068-36E95FA1C6C2}.Release|x64.ActiveCfg = Release|x64
		{3D4A904D-FB31-4031-B068-36E95FA1C6C2}.Release|x64.Build.0 = Release|x64
		{3D4A904D-FB31-4031-B068-36E95FA1C6C2}.Release|x86.ActiveCfg = Release|Win32
		{3D4A904D-FB31-4031-B068-36E95FA1C6C2}.Release|x86.Build.0 = Release|Win32
		{7078D2CC-F4C7-4ADA-9261-427A25E3FA3C}.Debug|x64.ActiveCfg = Debug|x64
		{7078D2CC-F4C7-4ADA-9261-427A25E3FA3C}.Debug|x64.Build.0 = Debug|x64
		{7078D2CC-F4C7-4ADA-9261-427A25E3FA3C}.Debug|x86.ActiveCfg = Debug|Win32
		{7078D2CC-F4C7-4ADA-9261-427A25E3FA3C}.Debug|x86.Build.0 = Debug|Win32
		{7078D2CC-F4C7-4ADA-9261-427A25E3FA3C}.Release|x64.ActiveCfg = Release|x64
		{7078D2CC-F4C7-4ADA-9261-427A25E3FA3C}.Release|x64.Build.0 = Release|x64
		{7078D2CC-F4C7-4ADA-9261-427A25E3FA3C}.Release|x86.ActiveCfg = Release|Win32
		{7078D2CC-F4C7-4ADA-9261-427A25E3FA3C}.Release|x86.Build.0 = Release|Win32
		{D5632D92-8818-4B6E-9C03-E51729581663}.Debug|x64.ActiveCfg = Debug|x64
		{D5632D92-8818-4B6E-9C03-E51729581663}.Debug|x64.Build.0 = Debug|x64
		{D5632D92-8818-4B6E-9C03-E51729581663}.Debug|x86.ActiveCfg = Debug|Win32
		{D5632D92-8818-4B6E-9C03-E51729581663}.Debug|x86.Build.0 = Debug|Win32
		{D5632D92-8818-4B6E-9C03-E51729581663}.Release|x64.ActiveCfg = Release|x64
		{D5632D92-8818-4B6E-9C03-E51729581663}.Release|x64.Build.0 = Release|x64
		{D5632D92-8818-4B6E-9C03-E51729581663}.Release|x86.ActiveCfg = Release|Win32
		{D5632D92-8818-4B6E-9C03-E51729581663}.Release|x86.Build.0 = Release|Win32
		{BB44121B-EAD6-4263-B517-8F480FB206C1}.Debug|x64.ActiveCfg = Debug|x64
		{BB44121B-EAD6-4263-B517-8F480FB206C1}.Debug|x64.Build.0 = Debug|x64
		{BB44121B-EAD6-4263-B517-8F480FB206C1}.Debug|x86.ActiveCfg = Debug|Win32
		{BB44121B-EAD6-4263-B517-8F480FB206C1}.Debug|x86.Build.0 = Debug|Win32
		{BB44121B-EAD6-4263-B517-8F480FB206C1}.Release|x64.ActiveCfg = Release|x64
		{BB44121B-EAD6-4263-B517-8F480FB206C1}.Release|x64.Build.0 = Release|x64
		{BB44121B-EAD6-4263-B517-8F480FB206C1}.Release|x86.ActiveCfg = Release|Win32
		{BB44121B-EAD6-4263-B517-8F480FB206C1}.Release|x86.Build.0 = Release|Win32
		{5C0ACEA7-1633-4224-8F5E-7FDCEA84277A}.Debug|x64.ActiveCfg = Debug|x64
		{5C0ACEA7-1633-4224-8F5E-7FDCEA84277A}.Debug|x64.Build.0 = Debug|x64
		{5C0ACEA7-1633-4224-8F5E-7FDCEA84277A}.Debug|x86.ActiveCfg = Debug|Win32
		{5C0ACEA7-1633-4224-8F5E-7FDCEA84277A}.Debug|x86.Build.0 = Debug|Win32
		{5C0ACEA7-1633-4224-8F5E-7FDCEA84277A}.Release|x64.ActiveCfg = Release|x64
		{5C0ACEA7-1633-4224-8F5E-7FDCEA84277A}.Release|x64.Build.0 = Release|x64
		{5C0ACEA7-1633-4224-8F5E-7FDCEA84277A}.Release|x86.ActiveCfg = Release|Win32
		{5C0ACEA7-1633-4224-8F5E-7FDCEA84277A}.Release|x86.Build.0 = Release|Win32
		{6BF9FBAF-108E-432A-A08D-7EBDD7EA65E1}.Debug|x64.ActiveCfg = Debug|x64
		{6BF9FBAF-108E-432A-A08D-7EBDD7EA65E1}.Debug|x64.Build.0 = Debug|x64
		{6BF9FBAF-108E-432A-A08D-7EBDD7EA65E1}.Debug|x86.ActiveCfg = Debug|Win32
		{6BF9FBAF-108E-432A-A08D-7EBDD7EA65E1}.Debug|x86.Build.0 = Debug|Win32
		{6BF9FBAF-108E-432A-A08D-7EBDD7EA65E1}.Release|x64.ActiveCfg = Release|x64
		{6BF9FBAF-108E-432A-A08D-7EBDD7EA65E1}.Release|x64.Build.0 = Release|x64
		{6BF9FBAF-108E-432A-A08D-7EBDD7EA65E1}.Release|x86.ActiveCfg = Release|Win32
		{6BF9FBAF-108E-432A-A08D-7EBDD7EA65E1}.Release|x86.Build.0 = Release|Win32
		{DBE8A550-2B28-40E5-9757-31ADB1A18E6D}.Debug|x64.ActiveCfg = Debug|x64
		{DBE8A550-2B28-40E5-9757-31ADB1A18E6D}.Debug|x64.Build.0 = Debug|x64
		{DBE8A550-2B28-40E5-9757-31ADB1A18E6D}.Debug|x86.ActiveCfg = Debug|Win32
		{DBE8A550-2B28-40E5-9757-31ADB1A18E6D}.Debug|x86.Build.0 = Debug|Win32
		{DBE8A550-2B28-40E5-9757-31ADB1A18E6D}.Release|x64.ActiveCfg = Release|x64
		{DBE8A550-2B28-40E5-9757-31ADB1A18E6D}.Release|x64.Build.0 = Release|x64
		{DBE8A550-2B28-40E5-9757-31ADB1A18E6D}.Release|x86.ActiveCfg = Release|Win32
		{DBE8A550-2B28-40E5-9757-31ADB1A18E6D}.Release|x86.Build.0 = Release|Win32
		{CE43C270-8B4F-4216-87EB-56D0CF9ADE50}.Debug|x64.ActiveCfg = Debug|x64
		{CE43C270-8B4F-4216-87EB-56D0CF9ADE50}.Debug|x64.Build.0 = Debug|x64
		{CE43C270-8B4F-4216-87EB-56D0CF9ADE50}.Debug|x86.ActiveCfg = Debug|Win32
		{CE43C270-8B4F-4216-87EB-56D0CF9ADE50}.Debug|x86.Build.0 = Debug|Win32
		{CE43C270-8B4F-4216-87EB-56D0CF9ADE50}.Release|x64.ActiveCfg = Release|x64
		{CE43C270-8B4F-4216-87EB-56D0CF9ADE50}.Release|x64.Build.0 = Release|x64
		{CE43C270-8B4F-4216-87EB-56D0CF9ADE50}.Release|x86.ActiveCfg = Release|Win32
		{CE43C270-8B4F-4216-87EB-56D0CF9ADE50}.Release|x86.Build.0 = Release|Win32
		{91C30E5D-A6B6-4482-BC9F-5B078A6DE623}.Debug|x64.ActiveCfg = Debug|x64
		{91C30E5D-A6B6-4482-BC9F-5B078A6DE623}.Debug|x64.Build.0 = Debug|x64
		{91C30E5D-A6B6-4482-BC9F-5B078A6DE623}.Debug|x86.ActiveCfg = Debug|Win32
		{91C30E5D-A6B6-4482-BC9F-5B078A6DE623}.Debug|x86.Build.0 = Debug|Win32
		{91C30E5D-A6B6-4482-BC9F-5B078A6DE623}.Release|x64.ActiveCfg = Release|x64
		{91C30E5D-A6B6-4482-BC9F-5B078A6DE623}.Release|x64.Build.0 = Release|x64
		{91C30E5D-A6B6-4482-BC9F-5B078A6DE623}.Release|x86.ActiveCfg = Release|Win32
		{91C30E5D-A6B6-4482-BC9F-5B078A6DE623}.Release|x86.Build.0 = Release|Win32
		{F5FF8E36-21B8-440F-A0ED-5F15FB34EB37}.Debug|x64.ActiveCfg = Debug|x64
		{F5FF8E36-21B8-440F-A0ED-5F15FB34EB37}.Debug|x64.Build.0 = Debug|x64
		{F5FF8E36-21B8-440F-A0ED-5F15FB34EB37}.Debug|x86.ActiveCfg = Debug|Win32
		{F5FF8E36-21B8-440F-A0ED-5F15FB34EB37}.Debug|x86.Build.0 = Debug|Win32
		{F5FF8E36-21B8-440F-A0ED-5F15FB34EB37}.Release|x64.ActiveCfg = Release|x64
		{F5FF8E36-21B8-440F-A0ED-5F15FB34EB37}.Release|x64.Build.0 = Release|x64
		{F5FF8E36-21B8-440F-A0ED-5F15FB34EB37}.Release|x86.ActiveCfg = Release|Win32
		{F5FF8E36-21B8-440F-A0ED-5F15FB34EB37}.Release|x86.Build.0 = Release|Win32
		{53ECBB72-7C63-4D60-835E-4AF8EF076FA1}.Debug|x64.ActiveCfg = Debug|x64
		{53ECBB72-7C63-4D60-835E-4AF8EF076FA1}.Debug|x64.Build.0 = Debug|x64
		{53ECBB72-7C63-4D60-835E-4AF8EF076FA1}.Debug|x86.ActiveCfg = Debug|Win32
		{53ECBB72-7C63-4D60-835E-4AF8EF076FA1}.Debug|x86.Build.0 = Debug|Win32
		{53ECBB72-7C63-4D60-835E-4AF8EF076FA1}.Release|x64.ActiveCfg = Release|x64
		{53ECBB72-7C63-4D60-835E-4AF8EF076FA1}.Release|x64.Build.0 = Release|x64
		{53ECBB72-7C63-4D60-835E-4AF8EF076FA1}.Release|x86.ActiveCfg = Release|Win32
		{53ECBB72-7C63-4D60-835E-4AF8EF076FA1}.Release|x86.Build.0 = Release|Win32
		{B0F08D98-AE2B-447D-8ED9-FAF52F052117}.Debug|x64.ActiveCfg = Debug|x64
		{B0F08D98-AE2B-447D-8ED9-FAF52F052117}.Debug|x64.Build.0 = Debug|x64
		{B0F08D98-AE2B-447D-8ED9-FAF52F052117}.Debug|x86.ActiveCfg = Debug|Win32
		{B0F08D98-AE2B-447D-8ED9-FAF52F052117}.Debug|x86.Build.0 = Debug|Win32
		{B0F08D98-AE2B-447D-8ED9-FAF52F052117}.Release|x64.ActiveCfg = Release|x64
		{B0F08D98-AE2B-447D-8ED9-FAF52F052117}.Release|x64.Build.0 = Release|x64
		{B0F08D98-AE2B-447D-8ED9-FAF52F052117}.Release|x86.ActiveCfg = Release|Win32
		{B0F08D98-AE2B-447D-8ED9-FAF52F052117}.Release|x86.Build.0 = Release|Win32
		{0E9A652F-C11F-4A1F-971C-55A58A34A506}.Debug|x64.ActiveCfg = Debug|x64
		{0E9A652F-C11F-4A1F-971C-55A58A34A506}.Debug|x64.Build.0 = Debug|x64
		{0E9A652F-C11F-4A1F-971C-55A58A34A506}.Debug|x86.ActiveCfg = Debug|Win32
		{0E9A652F-C11F-4A1F-971C-55A58A34A506}.Debug|x86.Build.0 = Debug|Win32
		{0E9A652F-C11F-4A1F-971C-55A58A34A506}.Release|x64.ActiveCfg = Release|x64
		{0E9A652F-C11F-4A1F-971C-55A58A34A506}.Release|x64.Build.0 = Release|x64
		{0E9A652F-C11F-4A1F-971C-55A58A34A506}.Release|x86.ActiveCfg = Release|Win32
		{0E9A652F-C11F-4A1F-971C-55A58A34A506}.Release|x86.Build.0 = Release|Win32
		{5CB3053A-07CB-4A79-B381-9C2DF6DDB87F}.Debug|x64.ActiveCfg = Debug|x64
		{5CB3053A-07CB-4A79-B381-9C2DF6DDB87F}.Debug|x64.Build.0 = Debug|x64
		{5CB3053A-07CB-4A79-B381-9C2DF6DDB87F}.Debug|x86.ActiveCfg = Debug|Win32
		{5CB3053A-07CB-4A79-B381-9C2DF6DDB87F}.Debug|x86.Build.0 = Debug|Win32
		{5CB3053A-07CB-4A79-B381-9C2DF6DDB87F}.Release|x64.ActiveCfg = Release|x64
		{5CB3053A-07CB-4A79-B381-9C2DF6DDB87F}.Release|x64.Build.0 = Release|x64
		{5CB3053A-07CB-4A79-B381-9C2DF6DDB87F}.Release|x86.ActiveCfg = Release|Win32
		{5CB3053A-07CB-4A79-B381-9C2DF6DDB87F}.Release|x86.Build.0 = Release|Win32
		{EBB1B54A-0AB5-4D28-85D0-706B711EC329}.Debug|x64.ActiveCfg = Debug|x64
		{EBB1B54A-0AB5-4D28-85D0-706B711EC329}.Debug|x64.Build.0 = Debug|x64
		{EBB1B54A-0AB5-4D28-85D0-706B711EC329}.Debug|x86.ActiveCfg = Debug|Win32
		{EBB1B54A-0AB5-4D28-85D0-706B711EC329}.Debug|x86.Build.0 = Debug|Win32
		{EBB1B54A-0AB5-4D28-85D0-706B711EC329}.Release|x64.ActiveCfg = Release|x64
		{EBB1B54A-0AB5-4D28-85D0-706B711EC329}.Release|x64.Build.0 = Release|x64
		{EBB1B54A-0AB5-4D28-85D0-706B711EC329}.Release|x86.ActiveCfg = Release|Win32
		{EBB1B54A-0AB5-4D28-85D0-706B711EC329}.Release|x86.Build.0 = Release|Win32
		{4FE5F885-B01C-4FE6-B989-6E98E84DD04B}.Debug|x64.ActiveCfg = Debug|x64
		{4FE5F885-B01C-4FE6-B989-6E98E84DD04B}.Debug|x64.Build.0 = Debug|x64
		{4FE5F885-B01C-4FE6-B989-6E98E84DD04B}.Debug|x86.ActiveCfg = Debug|Win32
		{4FE5F885-B01C-4FE6-B989-6E98E84DD04B}.Debug|x86.Build.0 = Debug|Win32
		{4FE5F885-B01C-4FE6-B989-6E98E84DD04B}.Release|x64.ActiveCfg = Release|x64
		{4FE5F885-B01C-4FE6-B989-6E98E84DD04B}.Release|x64.Build.0 = Release|x64
		{4FE5F885-B01C-4FE6-B989-6E98E84DD04B}.Release|x86.ActiveCfg = Release|Win32
		{4FE5F885-B01C-4FE6-B989-6E98E84DD04B}.Release|x86.Build.0 = Release|Win32
		{54DC4E0E-48EF-4323-ACC8-1A2B4A97B789}.Debug|x64.ActiveCfg = Debug|x64
		{54DC4E0E-48EF-4323-ACC8-1A2B4A97B789}.Debug|x64.Build.0 = Debug|x64
		{54DC4E0E-48EF-4323-ACC8-1A2B4A97B789}.Debug|x86.ActiveCfg = Debug|Win32
		{54DC4E0E-48EF-4323-ACC8-1A2B4A97B789}.Debug|x86.Build.0 = Debug|Win32
		{54DC4E0E-48EF-4323-ACC8-1A2B4A97B789}.Release|x64.ActiveCfg = Release|x64
		{54DC4E0E-48EF-4323-ACC8-1A2B4A97B789}.Release|x64.Build.0 = Release|x64
		{54DC4E0E-48EF-4323-ACC8-1A2B4A97B789}.Release|x86.ActiveCfg = Release|Win32
		{54DC4E0E-48EF-4323-ACC8-1A2B4A97B789}.Release|x86.Build.0 = Release|Win32
		{8A38A3F2-95F8-446F-AB0B-D31B4BBC9C0E}.Debug|x64.ActiveCfg = Debug|x64
		{8A38A3F2-95F8-446F-AB0B-D31B4BBC9C0E}.Debug|x64.Build.0 = Debug|x64
		{8A38A3F2-95F8-446F-AB0B-D31B4BBC9C0E}.Debug|x86.ActiveCfg = Debug|Win32
		{8A38A3F2-95F8-446F-AB0B-D31B4BBC9C0E}.Debug|x86.Build.0 = Debug|Win32
		{8A38A3F2-95F8-446F-AB0B-D31B4BBC9C0E}.Release|x64.ActiveCfg = Release|x64
		{8A38A3F2-95F8-446F-AB0B-D31B4BBC9C0E}.Release|x64.Build.0 = Release|x64
		{8A38A3F2-95F8-446F-AB0B-D31B4BBC9C0E}.Release|x86.ActiveCfg = Release|Win32
		{8A38A3F2-95F8-446F-AB0B-D31B4BBC9C0E}.Release|x86.Build.0 = Release|Win32
		{CC77F214-2DF1-4C1E-983B-7AB853FDFA23}.Debug|x64.ActiveCfg = Debug|x64
		{CC77F214-2DF1-4C1E-983B-7AB853FDFA23}.Debug|x64.Build.0 = Debug|x64
		{CC77F214-2DF1-4C1E-983B-7AB853FDFA23}.Debug|x86.ActiveCfg = Debug|Win32
		{CC77F214-2DF1-4C1E-983B-7AB853FDFA23}.Debug|x86.Build.0 = Debug|Win32
		{CC77F214-2DF1-4C1E-983B-7AB853FDFA23}.Release|x64.ActiveCfg = Release|x64
		{CC77F214-2DF1-4C1E-983B-7AB853FDFA23}.Release|x64.Build.0 = Release|x64
		{CC77F214-2DF1-4C1E-983B-7AB853FDFA23}.Release|x86.ActiveCfg = Release|Win32
		{CC77F214-2DF1-4C1E-983B-7AB853FDFA23}.Release|x86.Build.0 = Release|Win32
		{37AB5CC0-1B91-4EB3-99FC-DF7123F8C842}.Debug|x64.ActiveCfg = Debug|x64
		{37AB5CC0-1B91-4EB3-99FC-DF7123F8C842}.Debug|x64.Build.0 = Debug|x64
		{37AB5CC0-1B91-4EB3-99FC-DF7123F8C842}.Debug|x86.ActiveCfg = Debug|Win32
		{37AB5CC0-1B91-4EB3-99FC-DF7123F8C842}.Debug|x86.Build.0 = Debug|Win32
		{37AB5CC0-1B91-4EB3-99FC-DF7123F8C842}.Release|x64.ActiveCfg = Release|x64
		{37AB5CC0-1B91-4EB3-99FC-DF7123F8C842}.Release|x64.Build.0 = Release|x64
		{37AB5CC0-1B91-4EB3-99FC-DF7123F8C842}.Release|x86.ActiveCfg = Release|Win32
		{37AB5CC0-1B91-4EB3-99FC-DF7123F8C842}.Release|x86.Build.0 = Release|Win32
		{CD910BEE-418E-49FC-B14B-538B6692D240}.Debug|x64.ActiveCfg = Debug|x64
		{CD910BEE-418E-49FC-B14B-538B6692D240}.Debug|x64.Build.0 = Debug|x64
		{CD910BEE-418E-49FC-B14B-538B6692D240}.Debug|x86.ActiveCfg = Debug|Win32
		{CD910BEE-418E-49FC-B14B-538B6692D240}.Debug|x86.Build.0 = Debug|Win32
		{CD910BEE-418E-49FC-B14B-538B6692D240}.Release|x64.ActiveCfg = Release|x64
		{CD910BEE-418E-49FC-B14B-538B6692D240}.Release|x64.Build.0 = Release|x64
		{CD910BEE-418E-49FC-B14B-538B6692D240}.Release|x86.ActiveCfg = Release|Win32
		{CD910BEE-418E-49FC-B14B-538B6692D240}.Release|x86.Build.0 = Release|Win32
		{8660C03F-98FE-4C26-9F55-78465F972589}.Debug|x64.ActiveCfg = Debug|x64
		{8660C03F-98FE-4C26-9F55-78465F972589}.Debug|x64.Build.0 = Debug|x64
		{8660C03F-98FE-4C26-9F55-78465F972589}.Debug|x86.ActiveCfg = Debug|Win32
		{8660C03F-98FE-4C26-9F55-78465F972589}.Debug|x86.Build.0 = Debug|Win32
		{8660C03F-98FE-4C26-9F55-78465F972589}.Release|x64.ActiveCfg = Release|x64
		{8660C03F-98FE-4C26-9F55-78465F972589}.Release|x64.Build.0 = Release|x64
		{8660C03F-98FE-4C26-9F55-78465F972589}.Release|x86.ActiveCfg = Release|Win32
		{8660C03F-98FE-4C26-9F55-78465F972589}.Release|x86.Build.0 = Release|Win32
		{EDE6ADA2-7B3A-4E60-B4DE-D4FEA671E0B2}.Debug|x64.ActiveCfg = Debug|x64
		{EDE6ADA2-7B3A-4E60-B4DE-D4FEA671E0B2}.Debug|x64.Build.0 = Debug|x64
		{EDE6ADA2-7B3A-4E60-B4DE-D4FEA671E0B2}.Debug|x86.ActiveCfg = Debug|Win32
		{EDE6ADA2-7B3A-4E60-B4DE-D4FEA671E0B2}.Debug|x86.Build.0 = Debug|Win32
		{EDE6ADA2-7B3A-4E60-B4DE-D4FEA671E0B2}.Release|x64.ActiveCfg = Release|x64
		{EDE6ADA2-7B3A-4E60-B4DE-D4FEA671E0B2}.Release|x64.Build.0 = Release|x64
		{EDE6ADA2-7B3A-4E60-B4DE-D4FEA671E0B2}.Release|x86.ActiveCfg = Release|Win32
		{EDE6ADA2-7B3A-4E60-B4DE-D4FEA671E0B2}.Release|x86.Build.0 = Release|Win32
		{B5A4447A-B4DA-4F90-915A-950CC4A95C20}.Debug|x64.ActiveCfg = Debug|x64
		{B5A4447A-B4DA-4F90-915A-950CC4A95C20}.Debug|x64.Build.0 = Debug|x64
		{B5A4447A-B4DA-4F90-915A-950CC4A95C20}.Debug|x86.ActiveCfg = Debug|Win32
		{B5A4447A-B4DA-4F90-915A-950CC4A95C20}.Debug|x86.Build.0 = Debug|Win32
		{B5A4447A-B4DA-4F90-915A-950CC4A95C20}.Release|x64.ActiveCfg = Release|x64
		{B5A4447A-B4DA-4F90-915A-950CC4A95C20}.Release|x64.Build.0 = Release|x64
		{B5A4447A-B4DA-4F90-915A-950CC4A95C20}.Release|x86.ActiveCfg = Release|Win32
		{B5A4447A-B4DA-4F90-915A-950CC4A95C20}.Release|x86.Build.0 = Release|Win32
		{3CC31C7B-2E52-4713-AEB4-20C836786C13}.Debug|x64.ActiveCfg = Debug|x64
		{3CC31C7B-2E52-4713-AEB4-20C836786C13}.Debug|x64.Build.0 = Debug|x64
		{3CC31C7B-2E52-4713-AEB4-20C836786C13}.Debug|x86.ActiveCfg = Debug|Win32
		{3CC31C7B-2E52-4713-AEB4-20C836786C13}.Debug|x86.Build.0 = Debug|Win32
		{3CC31C7B-2E52-4713-AEB4-20C836786C13}.Release|x64.ActiveCfg = Release|x64
		{3CC31C7B-2E52-4713-AEB4-20C836786C13}.Release|x64.Build.0 = Release|x64
		{3CC31C7B-2E52-4713-AEB4-20C836786C13}.Release|x86.ActiveCfg = Release|Win32
		{3CC31C7B-2E52-4713-AEB4-20C836786C13}.Release|x86.Build.0 = Release|Win32
		{C38973DB-40AF-4EA4-8EFC-A533AE01F0DD}.Debug|x64.ActiveCfg = Debug|x64
		{C38973DB-40AF-4EA4-8EFC-A533AE01F0DD}.Debug|x64.Build.0 = Debug|x64
		{C38973DB-40AF-4EA4-8EFC-A533AE01F0DD}.Debug|x86.ActiveCfg = Debug|Win32
		{C38973DB-40AF-4EA4-8EFC-A533AE01F0DD}.Debug|x86.Build.0 = Debug|Win32
		{C38973DB-40AF-4EA4-8EFC-A533AE01F0DD}.Release|x64.ActiveCfg = Release|x64
		{C38973DB-40AF-4EA4-8EFC-A533AE01F0DD}.Release|x64.Build.0 = Release|x64
		{C38973DB-40AF-4EA4-8EFC-A533AE01F0DD}.Release|x86.ActiveCfg = Release|Win32
		{C38973DB-40AF-4EA4-8EFC-A533AE01F0DD}.Release|x86.Build.0 = Release|Win32
		{A151AA32-C9E2-4DCE-B5FC-4E6C900E1B6A}.Debug|x64.ActiveCfg = Debug|x64
		{A151AA32-C9E2-4DCE-B5FC-4E6C900E1B6A}.Debug|x64.Build.0 = Debug|x64
		{A151AA32-C9E2-4DCE-B5FC-4E6C900E1B6A}.Debug|x86.ActiveCfg = Debug|Win32
		{A151AA32-C9E2-4DCE-B5FC-4E6C900E1B6A}.Debug|x86.Build.0 = Debug|Win32
		{A151AA32-C9E2-4DCE-B5FC-4E6C900E1B6A}.Release|x64.ActiveCfg = Release|x64
		{A151AA32-C9E2-4DCE-B5FC-4E6C900E1B6A}.Release|x64.Build.0 = Release|x64
		{A151AA32-C9E2-4DCE-B5FC-4E6C900E1B6A}.Release|x86.ActiveCfg = Release|Win32
		{A151AA32-C9E2-4DCE-B5FC-4E6C900E1B6A}.Release|x86.Build.0 = Release|Win32
		{1AAF18EF-34FE-45B8-8FFF-DFAE7080200A}.Debug|x64.ActiveCfg = Debug|x64
		{1AAF18EF-34FE-45B8-8FFF-DFAE7080200A}.Debug|x64.Build.0 = Debug|x64
		{1AAF18EF-34FE-45B8-8FFF-DFAE7080200A}.Debug|x86.ActiveCfg = Debug|Win32
		{1AAF18EF-34FE-45B8-8FFF-DFAE7080200A}.Debug|x86.Build.0 = Debug|Win32
		{1AAF18EF-34FE-45B8-8FFF-DFAE7080200A}.Release|x64.ActiveCfg = Release|x64
		{1AAF18EF-34FE-45B8-8FFF-DFAE7080200A}.Release|x64.Build.0 = Release|x64
		{1AAF18EF-34FE-45B8-8FFF-DFAE7080200A}.Release|x86.ActiveCfg = Release|Win32
		{1AAF18EF-34FE-45B8-8FFF-DFAE7080200A}.Release|x86.Build.0 = Release|Win32
		{71F3BEA3-AD36-47F8-81EA-CCE3EC4ED440}.Debug|x64.ActiveCfg = Debug|x64
		{71F3BEA3-AD36-47F8-81EA-CCE3EC4ED440}.Debug|x64.Build.0 = Debug|x64
		{71F3BEA3-AD36-47F8-81EA-CCE3EC4ED440}.Debug|x86.ActiveCfg = Debug|Win32
		{71F3BEA3-AD36-47F8-81EA-CCE3EC4ED440}.Debug|x86.Build.0 = Debug|Win32
		{71F3BEA3-AD36-47F8-81EA-CCE3EC4ED440}.Release|x64.ActiveCfg = Release|x64
		{71F3BEA3-AD36-47F8-81EA-CCE3EC4ED440}.Release|x64.Build.0 = Release|x64
		{71F3BEA3-AD36-47F8-81EA-CCE3EC4ED440}.Release|x86.ActiveCfg = Release|Win32
		{71F3BEA3-AD36-47F8-81EA-CCE3EC4ED440}.Release|x86.Build.0 = Release|Win32
		{C4F324FC-E0B4-417A-9680-34E935FFFB98}.Debug|x64.ActiveCfg = Debug|x64
		{C4F324FC-E0B4-417A-9680-34E935FFFB98}.Debug|x64.Build.0 = Debug|x64
		{C4F324FC-E0B4-417A-9680-34E935FFFB98}.Debug|x86.ActiveCfg = Debug|Win32
		{C4F324FC-E0B4-417A-9680-34E935FFFB98}.Debug|x86.Build.0 = Debug|Win32
		{C4F324FC-E0B4-417A-9680-34E935FFFB98}.Release|x64.ActiveCfg = Release|x64
		{C4F324FC-E0B4-417A-9680-34E935FFFB98}.Release|x64.Build.0 = Release|x64
		{C4F324FC-E0B4-417A-9680-34E935FFFB98}.Release|x86.ActiveCfg = Release|Win32
		{C4F324FC-E0B4-417A-9680-34E935FFFB98}.Release|x86.Build.0 = Release|Win32
		{6C6956BF-4615-4BE4-90DB-55623517BD63}.Debug|x64.ActiveCfg = Debug|x64
		{6C6956BF-4615-4BE4-90DB-55623517BD63}.Debug|x64.Build.0 = Debug|x64
		{6C6956BF-4615-4BE4-90DB-55623517BD63}.Debug|x86.ActiveCfg = Debug|Win32
		{6C6956BF-4615-4BE4-90DB-55623517BD63}.Debug|x86.Build.0 = Debug|Win32
		{6C6956BF-4615-4BE4-90DB-55623517BD63}.Release|x64.ActiveCfg = Release|x64
		{6C6956BF-4615-4BE4-90DB-55623517BD63}.Release|x64.Build.0 = Release|x64
		{6C6956BF-4615-4BE4-90DB-55623517BD63}.Release|x86.ActiveCfg = Release|Win32
		{6C6956BF-4615-4BE4-90DB-55623517BD63}.Release|x86.Build.0 = Release|Win32
		{2DD16E5B-5D0C-4F9F-B04E-054DF1973607}.Debug|x64.ActiveCfg = Debug|x64
		{2DD16E5B-5D0C-4F9F-B04E-054DF1973607}.Debug|x64.Build.0 = Debug|x64
		{2DD16E5B-5D0C-4F9F-B04E-054DF1973607}.Debug|x86.ActiveCfg = Debug|Win32
		{2DD16E5B-5D0C-4F9F-B04E-054DF1973607}.Debug|x86.Build.0 = Debug|Win32
		{2DD16E5B-5D0C-4F9F-B04E-054DF1973607}.Release|x64.ActiveCfg = Release|x64
		{2DD16E5B-5D0C-4F9F-B04E-054DF1973607}.Release|x64.Build.0 = Release|x64
		{2DD16E5B-5D0C-4F9F-B04E-054DF1973607}.Release|x86.ActiveCfg = Release|Win32
		{2DD16E5B-5D0C-4F9F-B04E-054DF1973607}.Release|x86.Build.0 = Release|Win32
		{108ACF03-B372-4EBD-96CA-E42DE3BA7CF2}.Debug|x64.ActiveCfg = Debug|x64
		{108ACF03-B372-4EBD-96CA-E42DE3BA7CF2}.Debug|x64.Build.0 = Debug|x64
		{108ACF03-B372-4EBD-96CA-E42DE3BA7CF2}.Debug|x86.ActiveCfg = Debug|Win32
		{108ACF03-B372-4EBD-96CA-E42DE3BA7CF2}.Debug|x86.Build.0 = Debug|Win32
		{108ACF03-B372-4EBD-96CA-E42DE3BA7CF2}.Release|x64.ActiveCfg = Release|x64
		{108ACF03-B372-4EBD-96CA-E42DE3BA7CF2}.Release|x64.Build.0 = Release|x64
		{108ACF03-B372-4EBD-96CA-E42DE3BA7CF2}.Release|x86.ActiveCfg = Release|Win32
		{108ACF03-B372-4EBD-96CA-E42DE3BA7CF2}.Release|x86.Build.0 = Release|Win32
		{85F106AA-05EF-4F80-9790-6413FA130DAA}.Debug|x64.ActiveCfg = Debug|x64
		{85F106AA-05EF-4F80-9790-6413FA130DAA}.Debug|x64.Build.0 = Debug|x64
		{85F106AA-05EF-4F80-9790-6413FA130DAA}.Debug|x86.ActiveCfg = Debug|Win32
		{85F106AA-05EF-4F80-9790-6413FA130DAA}.Debug|x86.Build.0 = Debug|Win32
		{85F106AA-05EF-4F80-9790-6413FA130DAA}.Release|x64.ActiveCfg = Release|x64
		{85F106AA-05EF-4F80-9790-6413FA130DAA}.Release|x64.Build.0 = Release|x64
		{85F106AA-05EF-4F80-9790-6413FA130DAA}.Release|x86.ActiveCfg = Release|Win32
		{85F106AA-05EF-4F80-9790-6413FA130DAA}.Release|x86.Build.0 = Release|Win32
	EndGlobalSection
	GlobalSection(SolutionProperties) = preSolution
		HideSolutionNode = FALSE
	EndGlobalSection
	GlobalSection(ExtensibilityGlobals) = postSolution
		SolutionGuid = {1B36876B-DCFF-4C05-B407-9AA050367423}
	EndGlobalSection
EndGlobal
