
Microsoft Visual Studio Solution File, Format Version 12.00
# Visual Studio Version 16
VisualStudioVersion = 16.0.31424.327
MinimumVisualStudioVersion = 10.0.40219.1
Project("{8BC9CEB8-8B4A-11D0-8D11-00A0C91BC942}") = "Thai18108", "Thai18108\Thai18108.vcxproj", "{1DA82013-83F6-46B8-BD4A-B26D5FBE4AFB}"
EndProject
Project("{8BC9CEB8-8B4A-11D0-8D11-00A0C91BC942}") = "Dog10172", "Dog10172\Dog10172.vcxproj", "{E19E63F4-26A8-46AD-9214-9E09A310216A}"
EndProject
Project("{8BC9CEB8-8B4A-11D0-8D11-00A0C91BC942}") = "Quadrant14681", "Quadrant14681\Quadrant14681.vcxproj", "{BE403AE8-6D52-45E1-84DB-4B916F550212}"
EndProject
Project("{8BC9CEB8-8B4A-11D0-8D11-00A0C91BC942}") = "OvenClock2525", "OvenClock2525\OvenClock2525.vcxproj", "{B0BCB700-AE20-4706-81E2-783CF7831510}"
EndProject
Project("{8BC9CEB8-8B4A-11D0-8D11-00A0C91BC942}") = "Alarm2884", "Alarm2884\Alarm2884.vcxproj", "{05467F40-FD0C-47B4-95AA-3292C5E5E828}"
EndProject
Project("{8BC9CEB8-8B4A-11D0-8D11-00A0C91BC942}") = "Ball10813", "Ball10813\Ball10813.vcxproj", "{0C0CEA9C-11F9-4864-AD8C-ECD0686A2F99}"
EndProject
Project("{8BC9CEB8-8B4A-11D0-8D11-00A0C91BC942}") = "Word1157", "Word1157\Word1157.vcxproj", "{CD0E699D-A823-4260-96DE-7C49FC4882D6}"
EndProject
Project("{8BC9CEB8-8B4A-11D0-8D11-00A0C91BC942}") = "Average4344", "Average4344\Average4344.vcxproj", "{81E8F977-70A6-49CC-AA63-80DC352FE511}"
EndProject
Project("{8BC9CEB8-8B4A-11D0-8D11-00A0C91BC942}") = "Croatia2941", "Croatia2941\Croatia2941.vcxproj", "{6E9A2384-13B6-4F86-8F03-DD079B684D96}"
EndProject
Project("{8BC9CEB8-8B4A-11D0-8D11-00A0C91BC942}") = "GroupWordChecker1316", "GroupWordChecker1316\GroupWordChecker1316.vcxproj", "{C66186B1-19E5-4117-801D-85A316118680}"
EndProject
Project("{8BC9CEB8-8B4A-11D0-8D11-00A0C91BC942}") = "GPA", "GPA\GPA.vcxproj", "{3D263F2B-25DD-482E-A368-DB64D11658C7}"
EndProject
Project("{8BC9CEB8-8B4A-11D0-8D11-00A0C91BC942}") = "Goldbach9020", "Goldbach9020\Goldbach9020.vcxproj", "{D9D3711A-B19C-48BC-9B79-7D6554E76E2E}"
EndProject
Project("{8BC9CEB8-8B4A-11D0-8D11-00A0C91BC942}") = "Algorithm24267", "Algorithm24267\Algorithm24267.vcxproj", "{3D4A904D-FB31-4031-B068-36E95FA1C6C2}"
EndProject
Project("{8BC9CEB8-8B4A-11D0-8D11-00A0C91BC942}") = "Algorithm24313", "Algorithm24313\Algorithm24313.vcxproj", "{7078D2CC-F4C7-4ADA-9261-427A25E3FA3C}"
EndProject
Project("{8BC9CEB8-8B4A-11D0-8D11-00A0C91BC942}") = "Statistics2108", "Statistics2108\Statistics2108.vcxproj", "{D5632D92-8818-4B6E-9C03-E51729581663}"
EndProject
Project("{8BC9CEB8-8B4A-11D0-8D11-00A0C91BC942}") = "CHESS1018", "CHESS1018\CHESS1018.vcxproj", "{BB44121B-EAD6-4263-B517-8F480FB206C1}"
EndProject
Project("{8BC9CEB8-8B4A-11D0-8D11-00A0C91BC942}") = "SUGAR2839", "SUGAR2839\SUGAR2839.vcxproj", "{5C0ACEA7-1633-4224-8F5E-7FDCEA84277A}"
EndProject
Project("{8BC9CEB8-8B4A-11D0-8D11-00A0C91BC942}") = "PRIME1929", "PRIME1929\PRIME1929.vcxproj", "{6BF9FBAF-108E-432A-A08D-7EBDD7EA65E1}"
EndProject
Project("{8BC9CEB8-8B4A-11D0-8D11-00A0C91BC942}") = "Bertrand4948", "Bertrand4948\Bertrand4948.vcxproj", "{DBE8A550-2B28-40E5-9757-31ADB1A18E6D}"
EndProject
Global
	GlobalSection(SolutionConfigurationPlatforms) = preSolution
		Debug|x64 = Debug|x64
		Debug|x86 = Debug|x86
		Release|x64 = Release|x64
		Release|x86 = Release|x86
	EndGlobalSection
	GlobalSection(ProjectConfigurationPlatforms) = postSolution
		{1DA82013-83F6-46B8-BD4A-B26D5FBE4AFB}.Debug|x64.ActiveCfg = Debug|x64
		{1DA82013-83F6-46B8-BD4A-B26D5FBE4AFB}.Debug|x64.Build.0 = Debug|x64
		{1DA82013-83F6-46B8-BD4A-B26D5FBE4AFB}.Debug|x86.ActiveCfg = Debug|Win32
		{1DA82013-83F6-46B8-BD4A-B26D5FBE4AFB}.Debug|x86.Build.0 = Debug|Win32
		{1DA82013-83F6-46B8-BD4A-B26D5FBE4AFB}.Release|x64.ActiveCfg = Release|x64
		{1DA82013-83F6-46B8-BD4A-B26D5FBE4AFB}.Release|x64.Build.0 = Release|x64
		{1DA82013-83F6-46B8-BD4A-B26D5FBE4AFB}.Release|x86.ActiveCfg = Release|Win32
		{1DA82013-83F6-46B8-BD4A-B26D5FBE4AFB}.Release|x86.Build.0 = Release|Win32
		{E19E63F4-26A8-46AD-9214-9E09A310216A}.Debug|x64.ActiveCfg = Debug|x64
		{E19E63F4-26A8-46AD-9214-9E09A310216A}.Debug|x64.Build.0 = Debug|x64
		{E19E63F4-26A8-46AD-9214-9E09A310216A}.Debug|x86.ActiveCfg = Debug|Win32
		{E19E63F4-26A8-46AD-9214-9E09A310216A}.Debug|x86.Build.0 = Debug|Win32
		{E19E63F4-26A8-46AD-9214-9E09A310216A}.Release|x64.ActiveCfg = Release|x64
		{E19E63F4-26A8-46AD-9214-9E09A310216A}.Release|x64.Build.0 = Release|x64
		{E19E63F4-26A8-46AD-9214-9E09A310216A}.Release|x86.ActiveCfg = Release|Win32
		{E19E63F4-26A8-46AD-9214-9E09A310216A}.Release|x86.Build.0 = Release|Win32
		{BE403AE8-6D52-45E1-84DB-4B916F550212}.Debug|x64.ActiveCfg = Debug|x64
		{BE403AE8-6D52-45E1-84DB-4B916F550212}.Debug|x64.Build.0 = Debug|x64
		{BE403AE8-6D52-45E1-84DB-4B916F550212}.Debug|x86.ActiveCfg = Debug|Win32
		{BE403AE8-6D52-45E1-84DB-4B916F550212}.Debug|x86.Build.0 = Debug|Win32
		{BE403AE8-6D52-45E1-84DB-4B916F550212}.Release|x64.ActiveCfg = Release|x64
		{BE403AE8-6D52-45E1-84DB-4B916F550212}.Release|x64.Build.0 = Release|x64
		{BE403AE8-6D52-45E1-84DB-4B916F550212}.Release|x86.ActiveCfg = Release|Win32
		{BE403AE8-6D52-45E1-84DB-4B916F550212}.Release|x86.Build.0 = Release|Win32
		{B0BCB700-AE20-4706-81E2-783CF7831510}.Debug|x64.ActiveCfg = Debug|x64
		{B0BCB700-AE20-4706-81E2-783CF7831510}.Debug|x64.Build.0 = Debug|x64
		{B0BCB700-AE20-4706-81E2-783CF7831510}.Debug|x86.ActiveCfg = Debug|Win32
		{B0BCB700-AE20-4706-81E2-783CF7831510}.Debug|x86.Build.0 = Debug|Win32
		{B0BCB700-AE20-4706-81E2-783CF7831510}.Release|x64.ActiveCfg = Release|x64
		{B0BCB700-AE20-4706-81E2-783CF7831510}.Release|x64.Build.0 = Release|x64
		{B0BCB700-AE20-4706-81E2-783CF7831510}.Release|x86.ActiveCfg = Release|Win32
		{B0BCB700-AE20-4706-81E2-783CF7831510}.Release|x86.Build.0 = Release|Win32
		{05467F40-FD0C-47B4-95AA-3292C5E5E828}.Debug|x64.ActiveCfg = Debug|x64
		{05467F40-FD0C-47B4-95AA-3292C5E5E828}.Debug|x64.Build.0 = Debug|x64
		{05467F40-FD0C-47B4-95AA-3292C5E5E828}.Debug|x86.ActiveCfg = Debug|Win32
		{05467F40-FD0C-47B4-95AA-3292C5E5E828}.Debug|x86.Build.0 = Debug|Win32
		{05467F40-FD0C-47B4-95AA-3292C5E5E828}.Release|x64.ActiveCfg = Release|x64
		{05467F40-FD0C-47B4-95AA-3292C5E5E828}.Release|x64.Build.0 = Release|x64
		{05467F40-FD0C-47B4-95AA-3292C5E5E828}.Release|x86.ActiveCfg = Release|Win32
		{05467F40-FD0C-47B4-95AA-3292C5E5E828}.Release|x86.Build.0 = Release|Win32
		{0C0CEA9C-11F9-4864-AD8C-ECD0686A2F99}.Debug|x64.ActiveCfg = Debug|x64
		{0C0CEA9C-11F9-4864-AD8C-ECD0686A2F99}.Debug|x64.Build.0 = Debug|x64
		{0C0CEA9C-11F9-4864-AD8C-ECD0686A2F99}.Debug|x86.ActiveCfg = Debug|Win32
		{0C0CEA9C-11F9-4864-AD8C-ECD0686A2F99}.Debug|x86.Build.0 = Debug|Win32
		{0C0CEA9C-11F9-4864-AD8C-ECD0686A2F99}.Release|x64.ActiveCfg = Release|x64
		{0C0CEA9C-11F9-4864-AD8C-ECD0686A2F99}.Release|x64.Build.0 = Release|x64
		{0C0CEA9C-11F9-4864-AD8C-ECD0686A2F99}.Release|x86.ActiveCfg = Release|Win32
		{0C0CEA9C-11F9-4864-AD8C-ECD0686A2F99}.Release|x86.Build.0 = Release|Win32
		{CD0E699D-A823-4260-96DE-7C49FC4882D6}.Debug|x64.ActiveCfg = Debug|x64
		{CD0E699D-A823-4260-96DE-7C49FC4882D6}.Debug|x64.Build.0 = Debug|x64
		{CD0E699D-A823-4260-96DE-7C49FC4882D6}.Debug|x86.ActiveCfg = Debug|Win32
		{CD0E699D-A823-4260-96DE-7C49FC4882D6}.Debug|x86.Build.0 = Debug|Win32
		{CD0E699D-A823-4260-96DE-7C49FC4882D6}.Release|x64.ActiveCfg = Release|x64
		{CD0E699D-A823-4260-96DE-7C49FC4882D6}.Release|x64.Build.0 = Release|x64
		{CD0E699D-A823-4260-96DE-7C49FC4882D6}.Release|x86.ActiveCfg = Release|Win32
		{CD0E699D-A823-4260-96DE-7C49FC4882D6}.Release|x86.Build.0 = Release|Win32
		{81E8F977-70A6-49CC-AA63-80DC352FE511}.Debug|x64.ActiveCfg = Debug|x64
		{81E8F977-70A6-49CC-AA63-80DC352FE511}.Debug|x64.Build.0 = Debug|x64
		{81E8F977-70A6-49CC-AA63-80DC352FE511}.Debug|x86.ActiveCfg = Debug|Win32
		{81E8F977-70A6-49CC-AA63-80DC352FE511}.Debug|x86.Build.0 = Debug|Win32
		{81E8F977-70A6-49CC-AA63-80DC352FE511}.Release|x64.ActiveCfg = Release|x64
		{81E8F977-70A6-49CC-AA63-80DC352FE511}.Release|x64.Build.0 = Release|x64
		{81E8F977-70A6-49CC-AA63-80DC352FE511}.Release|x86.ActiveCfg = Release|Win32
		{81E8F977-70A6-49CC-AA63-80DC352FE511}.Release|x86.Build.0 = Release|Win32
		{6E9A2384-13B6-4F86-8F03-DD079B684D96}.Debug|x64.ActiveCfg = Debug|x64
		{6E9A2384-13B6-4F86-8F03-DD079B684D96}.Debug|x64.Build.0 = Debug|x64
		{6E9A2384-13B6-4F86-8F03-DD079B684D96}.Debug|x86.ActiveCfg = Debug|Win32
		{6E9A2384-13B6-4F86-8F03-DD079B684D96}.Debug|x86.Build.0 = Debug|Win32
		{6E9A2384-13B6-4F86-8F03-DD079B684D96}.Release|x64.ActiveCfg = Release|x64
		{6E9A2384-13B6-4F86-8F03-DD079B684D96}.Release|x64.Build.0 = Release|x64
		{6E9A2384-13B6-4F86-8F03-DD079B684D96}.Release|x86.ActiveCfg = Release|Win32
		{6E9A2384-13B6-4F86-8F03-DD079B684D96}.Release|x86.Build.0 = Release|Win32
		{C66186B1-19E5-4117-801D-85A316118680}.Debug|x64.ActiveCfg = Debug|x64
		{C66186B1-19E5-4117-801D-85A316118680}.Debug|x64.Build.0 = Debug|x64
		{C66186B1-19E5-4117-801D-85A316118680}.Debug|x86.ActiveCfg = Debug|Win32
		{C66186B1-19E5-4117-801D-85A316118680}.Debug|x86.Build.0 = Debug|Win32
		{C66186B1-19E5-4117-801D-85A316118680}.Release|x64.ActiveCfg = Release|x64
		{C66186B1-19E5-4117-801D-85A316118680}.Release|x64.Build.0 = Release|x64
		{C66186B1-19E5-4117-801D-85A316118680}.Release|x86.ActiveCfg = Release|Win32
		{C66186B1-19E5-4117-801D-85A316118680}.Release|x86.Build.0 = Release|Win32
		{3D263F2B-25DD-482E-A368-DB64D11658C7}.Debug|x64.ActiveCfg = Debug|x64
		{3D263F2B-25DD-482E-A368-DB64D11658C7}.Debug|x64.Build.0 = Debug|x64
		{3D263F2B-25DD-482E-A368-DB64D11658C7}.Debug|x86.ActiveCfg = Debug|Win32
		{3D263F2B-25DD-482E-A368-DB64D11658C7}.Debug|x86.Build.0 = Debug|Win32
		{3D263F2B-25DD-482E-A368-DB64D11658C7}.Release|x64.ActiveCfg = Release|x64
		{3D263F2B-25DD-482E-A368-DB64D11658C7}.Release|x64.Build.0 = Release|x64
		{3D263F2B-25DD-482E-A368-DB64D11658C7}.Release|x86.ActiveCfg = Release|Win32
		{3D263F2B-25DD-482E-A368-DB64D11658C7}.Release|x86.Build.0 = Release|Win32
		{D9D3711A-B19C-48BC-9B79-7D6554E76E2E}.Debug|x64.ActiveCfg = Debug|x64
		{D9D3711A-B19C-48BC-9B79-7D6554E76E2E}.Debug|x64.Build.0 = Debug|x64
		{D9D3711A-B19C-48BC-9B79-7D6554E76E2E}.Debug|x86.ActiveCfg = Debug|Win32
		{D9D3711A-B19C-48BC-9B79-7D6554E76E2E}.Debug|x86.Build.0 = Debug|Win32
		{D9D3711A-B19C-48BC-9B79-7D6554E76E2E}.Release|x64.ActiveCfg = Release|x64
		{D9D3711A-B19C-48BC-9B79-7D6554E76E2E}.Release|x64.Build.0 = Release|x64
		{D9D3711A-B19C-48BC-9B79-7D6554E76E2E}.Release|x86.ActiveCfg = Release|Win32
		{D9D3711A-B19C-48BC-9B79-7D6554E76E2E}.Release|x86.Build.0 = Release|Win32
		{3D4A904D-FB31-4031-B068-36E95FA1C6C2}.Debug|x64.ActiveCfg = Debug|x64
		{3D4A904D-FB31-4031-B068-36E95FA1C6C2}.Debug|x64.Build.0 = Debug|x64
		{3D4A904D-FB31-4031-B068-36E95FA1C6C2}.Debug|x86.ActiveCfg = Debug|Win32
		{3D4A904D-FB31-4031-B068-36E95FA1C6C2}.Debug|x86.Build.0 = Debug|Win32
		{3D4A904D-FB31-4031-B068-36E95FA1C6C2}.Release|x64.ActiveCfg = Release|x64
		{3D4A904D-FB31-4031-B068-36E95FA1C6C2}.Release|x64.Build.0 = Release|x64
		{3D4A904D-FB31-4031-B068-36E95FA1C6C2}.Release|x86.ActiveCfg = Release|Win32
		{3D4A904D-FB31-4031-B068-36E95FA1C6C2}.Release|x86.Build.0 = Release|Win32
		{7078D2CC-F4C7-4ADA-9261-427A25E3FA3C}.Debug|x64.ActiveCfg = Debug|x64
		{7078D2CC-F4C7-4ADA-9261-427A25E3FA3C}.Debug|x64.Build.0 = Debug|x64
		{7078D2CC-F4C7-4ADA-9261-427A25E3FA3C}.Debug|x86.ActiveCfg = Debug|Win32
		{7078D2CC-F4C7-4ADA-9261-427A25E3FA3C}.Debug|x86.Build.0 = Debug|Win32
		{7078D2CC-F4C7-4ADA-9261-427A25E3FA3C}.Release|x64.ActiveCfg = Release|x64
		{7078D2CC-F4C7-4ADA-9261-427A25E3FA3C}.Release|x64.Build.0 = Release|x64
		{7078D2CC-F4C7-4ADA-9261-427A25E3FA3C}.Release|x86.ActiveCfg = Release|Win32
		{7078D2CC-F4C7-4ADA-9261-427A25E3FA3C}.Release|x86.Build.0 = Release|Win32
		{D5632D92-8818-4B6E-9C03-E51729581663}.Debug|x64.ActiveCfg = Debug|x64
		{D5632D92-8818-4B6E-9C03-E51729581663}.Debug|x64.Build.0 = Debug|x64
		{D5632D92-8818-4B6E-9C03-E51729581663}.Debug|x86.ActiveCfg = Debug|Win32
		{D5632D92-8818-4B6E-9C03-E51729581663}.Debug|x86.Build.0 = Debug|Win32
		{D5632D92-8818-4B6E-9C03-E51729581663}.Release|x64.ActiveCfg = Release|x64
		{D5632D92-8818-4B6E-9C03-E51729581663}.Release|x64.Build.0 = Release|x64
		{D5632D92-8818-4B6E-9C03-E51729581663}.Release|x86.ActiveCfg = Release|Win32
		{D5632D92-8818-4B6E-9C03-E51729581663}.Release|x86.Build.0 = Release|Win32
		{BB44121B-EAD6-4263-B517-8F480FB206C1}.Debug|x64.ActiveCfg = Debug|x64
		{BB44121B-EAD6-4263-B517-8F480FB206C1}.Debug|x64.Build.0 = Debug|x64
		{BB44121B-EAD6-4263-B517-8F480FB206C1}.Debug|x86.ActiveCfg = Debug|Win32
		{BB44121B-EAD6-4263-B517-8F480FB206C1}.Debug|x86.Build.0 = Debug|Win32
		{BB44121B-EAD6-4263-B517-8F480FB206C1}.Release|x64.ActiveCfg = Release|x64
		{BB44121B-EAD6-4263-B517-8F480FB206C1}.Release|x64.Build.0 = Release|x64
		{BB44121B-EAD6-4263-B517-8F480FB206C1}.Release|x86.ActiveCfg = Release|Win32
		{BB44121B-EAD6-4263-B517-8F480FB206C1}.Release|x86.Build.0 = Release|Win32
		{5C0ACEA7-1633-4224-8F5E-7FDCEA84277A}.Debug|x64.ActiveCfg = Debug|x64
		{5C0ACEA7-1633-4224-8F5E-7FDCEA84277A}.Debug|x64.Build.0 = Debug|x64
		{5C0ACEA7-1633-4224-8F5E-7FDCEA84277A}.Debug|x86.ActiveCfg = Debug|Win32
		{5C0ACEA7-1633-4224-8F5E-7FDCEA84277A}.Debug|x86.Build.0 = Debug|Win32
		{5C0ACEA7-1633-4224-8F5E-7FDCEA84277A}.Release|x64.ActiveCfg = Release|x64
		{5C0ACEA7-1633-4224-8F5E-7FDCEA84277A}.Release|x64.Build.0 = Release|x64
		{5C0ACEA7-1633-4224-8F5E-7FDCEA84277A}.Release|x86.ActiveCfg = Release|Win32
		{5C0ACEA7-1633-4224-8F5E-7FDCEA84277A}.Release|x86.Build.0 = Release|Win32
		{6BF9FBAF-108E-432A-A08D-7EBDD7EA65E1}.Debug|x64.ActiveCfg = Debug|x64
		{6BF9FBAF-108E-432A-A08D-7EBDD7EA65E1}.Debug|x64.Build.0 = Debug|x64
		{6BF9FBAF-108E-432A-A08D-7EBDD7EA65E1}.Debug|x86.ActiveCfg = Debug|Win32
		{6BF9FBAF-108E-432A-A08D-7EBDD7EA65E1}.Debug|x86.Build.0 = Debug|Win32
		{6BF9FBAF-108E-432A-A08D-7EBDD7EA65E1}.Release|x64.ActiveCfg = Release|x64
		{6BF9FBAF-108E-432A-A08D-7EBDD7EA65E1}.Release|x64.Build.0 = Release|x64
		{6BF9FBAF-108E-432A-A08D-7EBDD7EA65E1}.Release|x86.ActiveCfg = Release|Win32
		{6BF9FBAF-108E-432A-A08D-7EBDD7EA65E1}.Release|x86.Build.0 = Release|Win32
		{DBE8A550-2B28-40E5-9757-31ADB1A18E6D}.Debug|x64.ActiveCfg = Debug|x64
		{DBE8A550-2B28-40E5-9757-31ADB1A18E6D}.Debug|x64.Build.0 = Debug|x64
		{DBE8A550-2B28-40E5-9757-31ADB1A18E6D}.Debug|x86.ActiveCfg = Debug|Win32
		{DBE8A550-2B28-40E5-9757-31ADB1A18E6D}.Debug|x86.Build.0 = Debug|Win32
		{DBE8A550-2B28-40E5-9757-31ADB1A18E6D}.Release|x64.ActiveCfg = Release|x64
		{DBE8A550-2B28-40E5-9757-31ADB1A18E6D}.Release|x64.Build.0 = Release|x64
		{DBE8A550-2B28-40E5-9757-31ADB1A18E6D}.Release|x86.ActiveCfg = Release|Win32
		{DBE8A550-2B28-40E5-9757-31ADB1A18E6D}.Release|x86.Build.0 = Release|Win32
	EndGlobalSection
	GlobalSection(SolutionProperties) = preSolution
		HideSolutionNode = FALSE
	EndGlobalSection
	GlobalSection(ExtensibilityGlobals) = postSolution
		SolutionGuid = {1B36876B-DCFF-4C05-B407-9AA050367423}
	EndGlobalSection
EndGlobal
